{
  "version": 4,
  "terraform_version": "1.9.5",
  "serial": 1310,
  "lineage": "0814bb66-6ea9-78fc-3a93-7056bf5fa99d",
  "outputs": {
    "FQDN_bastion": {
      "value": "bastionserv.ru-central1.internal",
      "type": "string"
    },
    "FQDN_elastic": {
      "value": "elasticserv.ru-central1.internal",
      "type": "string"
    },
    "FQDN_kibana": {
      "value": "kibanaserv.ru-central1.internal",
      "type": "string"
    },
    "FQDN_webserv-1": {
      "value": "webserv-1.ru-central1.internal",
      "type": "string"
    },
    "FQDN_webserv-2": {
      "value": "webserv-2.ru-central1.internal",
      "type": "string"
    },
    "FQDN_zabbix": {
      "value": "zabbixserv.ru-central1.internal",
      "type": "string"
    },
    "bastion-host": {
      "value": "84.201.180.108",
      "type": "string"
    },
    "kibana": {
      "value": "158.160.12.114",
      "type": "string"
    },
    "zabbix": {
      "value": "84.201.181.214",
      "type": "string"
    }
  },
  "resources": [
    {
      "mode": "managed",
      "type": "local_file",
      "name": "ansible-inventory",
      "provider": "provider[\"registry.terraform.io/hashicorp/local\"]",
      "instances": [
        {
          "schema_version": 0,
          "attributes": {
            "content": "[bastionhost]\n192.168.4.55 public_ip=84.201.180.108 \n\n[web]\n192.168.1.11\n192.168.2.22\n\n\n[elasticserv]\n192.168.4.44\n\n[kibanaserv]\n192.168.2.32 public_ip=158.160.12.114 \n\n[zabbixserv]\n192.168.4.33  public_ip=84.201.181.214\n[all:vars]\nansible_ssh_common_args='-o StrictHostKeyChecking=no -o UserKnownHostsFile=/dev/null -o ProxyCommand=\"ssh -p 22 -W %h:%p -q user@84.201.180.108\"'\n",
            "content_base64": null,
            "content_base64sha256": "Txbtv7X3fcP3ydIGwVdf/1x9iRKQ9tY7JlCzHrYLqSw=",
            "content_base64sha512": "uhWXRVI49EylU9w52325aik2UY/hvz0O0YIUdc5CY6xjbBjdP+rCTW5cKR4PsZ8ka5b24JWFjcZ6UQMOtGpZLg==",
            "content_md5": "0eeabcef10c726432e4ef80d383fde7e",
            "content_sha1": "5dfba03d0eaef1f915d152cd6c7ea8a927061323",
            "content_sha256": "4f16edbfb5f77dc3f7c9d206c1575fff5c7d891290f6d63b2650b31eb60ba92c",
            "content_sha512": "ba1597455238f44ca553dc39db7db96a2936518fe1bf3d0ed1821475ce4263ac636c18dd3feac24d6e5c291e0fb19f246b96f6e095858dc67a51030eb46a592e",
            "directory_permission": "0777",
            "file_permission": "0777",
            "filename": "/home/artem/ansible/inventory.ini",
            "id": "5dfba03d0eaef1f915d152cd6c7ea8a927061323",
            "sensitive_content": null,
            "source": null
          },
          "sensitive_attributes": [
            [
              {
                "type": "get_attr",
                "value": "sensitive_content"
              }
            ]
          ],
          "dependencies": [
            "yandex_compute_disk.disk-bastionserv",
            "yandex_compute_disk.disk-elasticserv",
            "yandex_compute_disk.disk-kibanaserv",
            "yandex_compute_disk.disk-webserv-1",
            "yandex_compute_disk.disk-webserv-2",
            "yandex_compute_disk.disk-zabbixserv",
            "yandex_compute_instance.bastionserv",
            "yandex_compute_instance.elasticserv",
            "yandex_compute_instance.kibanaserv",
            "yandex_compute_instance.webserv-1",
            "yandex_compute_instance.webserv-2",
            "yandex_compute_instance.zabbixserv",
            "yandex_vpc_gateway.nginx1-2_elastic_gateway",
            "yandex_vpc_network.network-1",
            "yandex_vpc_route_table.nginx1-2_elastic",
            "yandex_vpc_security_group.bastion-sg",
            "yandex_vpc_security_group.elastic-sg",
            "yandex_vpc_security_group.kibana-sg",
            "yandex_vpc_security_group.nginx-sg",
            "yandex_vpc_security_group.security-ssh-traffic",
            "yandex_vpc_security_group.zabbix-sg",
            "yandex_vpc_subnet.subnet-1",
            "yandex_vpc_subnet.subnet-2",
            "yandex_vpc_subnet.subnet-4"
          ]
        }
      ]
    },
    {
      "mode": "managed",
      "type": "yandex_alb_backend_group",
      "name": "nginx-backend-group",
      "provider": "provider[\"registry.terraform.io/yandex-cloud/yandex\"]",
      "instances": [
        {
          "schema_version": 0,
          "attributes": {
            "created_at": "2024-10-02T17:23:55Z",
            "description": "",
            "folder_id": "b1g11stnhjcsvm2rbbnq",
            "grpc_backend": [],
            "http_backend": [
              {
                "healthcheck": [
                  {
                    "grpc_healthcheck": [],
                    "healthcheck_port": 80,
                    "healthy_threshold": 2,
                    "http_healthcheck": [
                      {
                        "host": "",
                        "http2": false,
                        "path": "/"
                      }
                    ],
                    "interval": "3s",
                    "interval_jitter_percent": 0,
                    "stream_healthcheck": [],
                    "timeout": "1s",
                    "unhealthy_threshold": 2
                  }
                ],
                "http2": false,
                "load_balancing_config": [
                  {
                    "locality_aware_routing_percent": 0,
                    "mode": "ROUND_ROBIN",
                    "panic_threshold": 0,
                    "strict_locality": false
                  }
                ],
                "name": "backend-1",
                "port": 80,
                "storage_bucket": "",
                "target_group_ids": [
                  "ds7b5n1s3nnrjir2hgg5"
                ],
                "tls": [],
                "weight": 1
              }
            ],
            "id": "ds7eioh5uvu5buo2d5t4",
            "labels": {},
            "name": "nginx-backend-group",
            "session_affinity": [],
            "stream_backend": [],
            "timeouts": null
          },
          "sensitive_attributes": [],
          "private": "eyJlMmJmYjczMC1lY2FhLTExZTYtOGY4OC0zNDM2M2JjN2M0YzAiOnsiY3JlYXRlIjozMDAwMDAwMDAwMDAsImRlbGV0ZSI6MzAwMDAwMDAwMDAwLCJ1cGRhdGUiOjMwMDAwMDAwMDAwMH19",
          "dependencies": [
            "yandex_alb_target_group.ngx-target-group",
            "yandex_compute_disk.disk-webserv-1",
            "yandex_compute_disk.disk-webserv-2",
            "yandex_compute_instance.webserv-1",
            "yandex_compute_instance.webserv-2",
            "yandex_vpc_gateway.nginx1-2_elastic_gateway",
            "yandex_vpc_network.network-1",
            "yandex_vpc_route_table.nginx1-2_elastic",
            "yandex_vpc_security_group.nginx-sg",
            "yandex_vpc_security_group.security-ssh-traffic",
            "yandex_vpc_subnet.subnet-1",
            "yandex_vpc_subnet.subnet-2"
          ]
        }
      ]
    },
    {
      "mode": "managed",
      "type": "yandex_alb_http_router",
      "name": "nginx-router",
      "provider": "provider[\"registry.terraform.io/yandex-cloud/yandex\"]",
      "instances": [
        {
          "schema_version": 0,
          "attributes": {
            "created_at": "2024-10-02T17:22:52Z",
            "description": "",
            "folder_id": "b1g11stnhjcsvm2rbbnq",
            "id": "ds7ie7ek6jg5soaipki1",
            "labels": {},
            "name": "nginx-router",
            "route_options": [],
            "timeouts": null
          },
          "sensitive_attributes": [],
          "private": "eyJlMmJmYjczMC1lY2FhLTExZTYtOGY4OC0zNDM2M2JjN2M0YzAiOnsiY3JlYXRlIjozMDAwMDAwMDAwMDAsImRlbGV0ZSI6MzAwMDAwMDAwMDAwLCJ1cGRhdGUiOjMwMDAwMDAwMDAwMH19"
        }
      ]
    },
    {
      "mode": "managed",
      "type": "yandex_alb_load_balancer",
      "name": "nginx-balancer",
      "provider": "provider[\"registry.terraform.io/yandex-cloud/yandex\"]",
      "instances": [
        {
          "schema_version": 0,
          "attributes": {
            "allocation_policy": [
              {
                "location": [
                  {
                    "disable_traffic": false,
                    "subnet_id": "e2lp0776mg4j6237s0da",
                    "zone_id": "ru-central1-b"
                  },
                  {
                    "disable_traffic": false,
                    "subnet_id": "e9bf5p2det9krs4dr7ip",
                    "zone_id": "ru-central1-a"
                  },
                  {
                    "disable_traffic": false,
                    "subnet_id": "fl8j65re0ee7rq1g817s",
                    "zone_id": "ru-central1-d"
                  }
                ]
              }
            ],
            "created_at": "2024-10-02T17:22:59Z",
            "description": "",
            "folder_id": "b1g11stnhjcsvm2rbbnq",
            "id": "ds75srdaorm3dplra5ic",
            "labels": {},
            "listener": [
              {
                "endpoint": [
                  {
                    "address": [
                      {
                        "external_ipv4_address": [
                          {
                            "address": "51.250.35.210"
                          }
                        ],
                        "external_ipv6_address": [],
                        "internal_ipv4_address": []
                      }
                    ],
                    "ports": [
                      80
                    ]
                  }
                ],
                "http": [
                  {
                    "handler": [
                      {
                        "allow_http10": false,
                        "http2_options": [],
                        "http_router_id": "ds7ie7ek6jg5soaipki1",
                        "rewrite_request_id": false
                      }
                    ],
                    "redirects": []
                  }
                ],
                "name": "my-listener",
                "stream": [],
                "tls": []
              }
            ],
            "log_group_id": "",
            "log_options": [],
            "name": "nginx-balancer",
            "network_id": "enpktqrl1usj5c2no2q5",
            "region_id": "",
            "security_group_ids": [],
            "status": "active",
            "timeouts": null
          },
          "sensitive_attributes": [],
          "private": "eyJlMmJmYjczMC1lY2FhLTExZTYtOGY4OC0zNDM2M2JjN2M0YzAiOnsiY3JlYXRlIjo2MDAwMDAwMDAwMDAsImRlbGV0ZSI6NjAwMDAwMDAwMDAwLCJ1cGRhdGUiOjYwMDAwMDAwMDAwMH19",
          "dependencies": [
            "yandex_alb_http_router.nginx-router",
            "yandex_vpc_gateway.nginx1-2_elastic_gateway",
            "yandex_vpc_network.network-1",
            "yandex_vpc_route_table.nginx1-2_elastic",
            "yandex_vpc_subnet.subnet-1",
            "yandex_vpc_subnet.subnet-2",
            "yandex_vpc_subnet.subnet-4"
          ]
        }
      ]
    },
    {
      "mode": "managed",
      "type": "yandex_alb_target_group",
      "name": "ngx-target-group",
      "provider": "provider[\"registry.terraform.io/yandex-cloud/yandex\"]",
      "instances": [
        {
          "schema_version": 0,
          "attributes": {
            "created_at": "2024-10-02T17:23:54Z",
            "description": "",
            "folder_id": "b1g11stnhjcsvm2rbbnq",
            "id": "ds7b5n1s3nnrjir2hgg5",
            "labels": {},
            "name": "ngx-target-group",
            "target": [
              {
                "ip_address": "192.168.1.11",
                "private_ipv4_address": false,
                "subnet_id": "e9bf5p2det9krs4dr7ip"
              },
              {
                "ip_address": "192.168.2.22",
                "private_ipv4_address": false,
                "subnet_id": "e2lp0776mg4j6237s0da"
              }
            ],
            "timeouts": null
          },
          "sensitive_attributes": [],
          "private": "eyJlMmJmYjczMC1lY2FhLTExZTYtOGY4OC0zNDM2M2JjN2M0YzAiOnsiY3JlYXRlIjozMDAwMDAwMDAwMDAsImRlbGV0ZSI6MzAwMDAwMDAwMDAwLCJ1cGRhdGUiOjMwMDAwMDAwMDAwMH19",
          "dependencies": [
            "yandex_compute_disk.disk-webserv-1",
            "yandex_compute_disk.disk-webserv-2",
            "yandex_compute_instance.webserv-1",
            "yandex_compute_instance.webserv-2",
            "yandex_vpc_gateway.nginx1-2_elastic_gateway",
            "yandex_vpc_network.network-1",
            "yandex_vpc_route_table.nginx1-2_elastic",
            "yandex_vpc_security_group.nginx-sg",
            "yandex_vpc_security_group.security-ssh-traffic",
            "yandex_vpc_subnet.subnet-1",
            "yandex_vpc_subnet.subnet-2"
          ]
        }
      ]
    },
    {
      "mode": "managed",
      "type": "yandex_alb_virtual_host",
      "name": "ngx-virtual-host",
      "provider": "provider[\"registry.terraform.io/yandex-cloud/yandex\"]",
      "instances": [
        {
          "schema_version": 0,
          "attributes": {
            "authority": [],
            "http_router_id": "ds7ie7ek6jg5soaipki1",
            "id": "ds7ie7ek6jg5soaipki1/ngx-virtual-host",
            "modify_request_headers": [],
            "modify_response_headers": [],
            "name": "ngx-virtual-host",
            "route": [
              {
                "grpc_route": [],
                "http_route": [
                  {
                    "direct_response_action": [],
                    "http_match": [],
                    "http_route_action": [
                      {
                        "auto_host_rewrite": false,
                        "backend_group_id": "ds7eioh5uvu5buo2d5t4",
                        "host_rewrite": "",
                        "idle_timeout": "",
                        "prefix_rewrite": "",
                        "timeout": "",
                        "upgrade_types": []
                      }
                    ],
                    "redirect_action": []
                  }
                ],
                "name": "ngx-route",
                "route_options": []
              }
            ],
            "route_options": [],
            "timeouts": null
          },
          "sensitive_attributes": [],
          "private": "eyJlMmJmYjczMC1lY2FhLTExZTYtOGY4OC0zNDM2M2JjN2M0YzAiOnsiY3JlYXRlIjozMDAwMDAwMDAwMDAsImRlbGV0ZSI6MzAwMDAwMDAwMDAwLCJ1cGRhdGUiOjMwMDAwMDAwMDAwMH19",
          "dependencies": [
            "yandex_alb_backend_group.nginx-backend-group",
            "yandex_alb_http_router.nginx-router",
            "yandex_alb_target_group.ngx-target-group",
            "yandex_compute_disk.disk-webserv-1",
            "yandex_compute_disk.disk-webserv-2",
            "yandex_compute_instance.webserv-1",
            "yandex_compute_instance.webserv-2",
            "yandex_vpc_gateway.nginx1-2_elastic_gateway",
            "yandex_vpc_network.network-1",
            "yandex_vpc_route_table.nginx1-2_elastic",
            "yandex_vpc_security_group.nginx-sg",
            "yandex_vpc_security_group.security-ssh-traffic",
            "yandex_vpc_subnet.subnet-1",
            "yandex_vpc_subnet.subnet-2"
          ]
        }
      ]
    },
    {
      "mode": "managed",
      "type": "yandex_compute_disk",
      "name": "disk-bastionserv",
      "provider": "provider[\"registry.terraform.io/yandex-cloud/yandex\"]",
      "instances": [
        {
          "schema_version": 0,
          "attributes": {
            "allow_recreate": null,
            "block_size": 4096,
            "created_at": "2024-10-02T17:22:52Z",
            "description": "",
            "disk_placement_policy": [
              {
                "disk_placement_group_id": ""
              }
            ],
            "folder_id": "b1g11stnhjcsvm2rbbnq",
            "id": "fv4bl0plrep5dj61r15u",
            "image_id": "fd8a57cqgaima6ke454e",
            "labels": {},
            "name": "disk-bastionserv",
            "product_ids": [
              "f2e8kqett0lf8pcovrp1"
            ],
            "size": 10,
            "snapshot_id": "",
            "status": "ready",
            "timeouts": null,
            "type": "network-hdd",
            "zone": "ru-central1-d"
          },
          "sensitive_attributes": [],
          "private": "eyJlMmJmYjczMC1lY2FhLTExZTYtOGY4OC0zNDM2M2JjN2M0YzAiOnsiY3JlYXRlIjozMDAwMDAwMDAwMDAsImRlbGV0ZSI6MzAwMDAwMDAwMDAwLCJ1cGRhdGUiOjMwMDAwMDAwMDAwMH19"
        }
      ]
    },
    {
      "mode": "managed",
      "type": "yandex_compute_disk",
      "name": "disk-elasticserv",
      "provider": "provider[\"registry.terraform.io/yandex-cloud/yandex\"]",
      "instances": [
        {
          "schema_version": 0,
          "attributes": {
            "allow_recreate": null,
            "block_size": 4096,
            "created_at": "2024-10-03T08:11:00Z",
            "description": "",
            "disk_placement_policy": [
              {
                "disk_placement_group_id": ""
              }
            ],
            "folder_id": "b1g11stnhjcsvm2rbbnq",
            "id": "fv48fnr2mf0rl1lcpf7m",
            "image_id": "fd8a57cqgaima6ke454e",
            "labels": null,
            "name": "disk-elasticserv",
            "product_ids": [
              "f2e8kqett0lf8pcovrp1"
            ],
            "size": 20,
            "snapshot_id": "",
            "status": "ready",
            "timeouts": null,
            "type": "network-hdd",
            "zone": "ru-central1-d"
          },
          "sensitive_attributes": [],
          "private": "eyJlMmJmYjczMC1lY2FhLTExZTYtOGY4OC0zNDM2M2JjN2M0YzAiOnsiY3JlYXRlIjozMDAwMDAwMDAwMDAsImRlbGV0ZSI6MzAwMDAwMDAwMDAwLCJ1cGRhdGUiOjMwMDAwMDAwMDAwMH19"
        }
      ]
    },
    {
      "mode": "managed",
      "type": "yandex_compute_disk",
      "name": "disk-kibanaserv",
      "provider": "provider[\"registry.terraform.io/yandex-cloud/yandex\"]",
      "instances": [
        {
          "schema_version": 0,
          "attributes": {
            "allow_recreate": null,
            "block_size": 4096,
            "created_at": "2024-10-03T08:11:00Z",
            "description": "",
            "disk_placement_policy": [
              {
                "disk_placement_group_id": ""
              }
            ],
            "folder_id": "b1g11stnhjcsvm2rbbnq",
            "id": "epdbevg11487dtue4rou",
            "image_id": "fd8a57cqgaima6ke454e",
            "labels": null,
            "name": "disk-kibanaserv",
            "product_ids": [
              "f2e8kqett0lf8pcovrp1"
            ],
            "size": 10,
            "snapshot_id": "",
            "status": "ready",
            "timeouts": null,
            "type": "network-hdd",
            "zone": "ru-central1-b"
          },
          "sensitive_attributes": [],
          "private": "eyJlMmJmYjczMC1lY2FhLTExZTYtOGY4OC0zNDM2M2JjN2M0YzAiOnsiY3JlYXRlIjozMDAwMDAwMDAwMDAsImRlbGV0ZSI6MzAwMDAwMDAwMDAwLCJ1cGRhdGUiOjMwMDAwMDAwMDAwMH19"
        }
      ]
    },
    {
      "mode": "managed",
      "type": "yandex_compute_disk",
      "name": "disk-webserv-1",
      "provider": "provider[\"registry.terraform.io/yandex-cloud/yandex\"]",
      "instances": [
        {
          "schema_version": 0,
          "attributes": {
            "allow_recreate": null,
            "block_size": 4096,
            "created_at": "2024-10-03T08:11:00Z",
            "description": "",
            "disk_placement_policy": [
              {
                "disk_placement_group_id": ""
              }
            ],
            "folder_id": "b1g11stnhjcsvm2rbbnq",
            "id": "fhmqtg9leakhjme9mhmc",
            "image_id": "fd8a57cqgaima6ke454e",
            "labels": null,
            "name": "disk-webserv1",
            "product_ids": [
              "f2e8kqett0lf8pcovrp1"
            ],
            "size": 10,
            "snapshot_id": "",
            "status": "ready",
            "timeouts": null,
            "type": "network-hdd",
            "zone": "ru-central1-a"
          },
          "sensitive_attributes": [],
          "private": "eyJlMmJmYjczMC1lY2FhLTExZTYtOGY4OC0zNDM2M2JjN2M0YzAiOnsiY3JlYXRlIjozMDAwMDAwMDAwMDAsImRlbGV0ZSI6MzAwMDAwMDAwMDAwLCJ1cGRhdGUiOjMwMDAwMDAwMDAwMH19"
        }
      ]
    },
    {
      "mode": "managed",
      "type": "yandex_compute_disk",
      "name": "disk-webserv-2",
      "provider": "provider[\"registry.terraform.io/yandex-cloud/yandex\"]",
      "instances": [
        {
          "schema_version": 0,
          "attributes": {
            "allow_recreate": null,
            "block_size": 4096,
            "created_at": "2024-10-03T08:11:00Z",
            "description": "",
            "disk_placement_policy": [
              {
                "disk_placement_group_id": ""
              }
            ],
            "folder_id": "b1g11stnhjcsvm2rbbnq",
            "id": "epd6ovl7mn70t7nsfdod",
            "image_id": "fd8a57cqgaima6ke454e",
            "labels": null,
            "name": "disk-webserv2",
            "product_ids": [
              "f2e8kqett0lf8pcovrp1"
            ],
            "size": 10,
            "snapshot_id": "",
            "status": "ready",
            "timeouts": null,
            "type": "network-hdd",
            "zone": "ru-central1-b"
          },
          "sensitive_attributes": [],
          "private": "eyJlMmJmYjczMC1lY2FhLTExZTYtOGY4OC0zNDM2M2JjN2M0YzAiOnsiY3JlYXRlIjozMDAwMDAwMDAwMDAsImRlbGV0ZSI6MzAwMDAwMDAwMDAwLCJ1cGRhdGUiOjMwMDAwMDAwMDAwMH19"
        }
      ]
    },
    {
      "mode": "managed",
      "type": "yandex_compute_disk",
      "name": "disk-zabbixserv",
      "provider": "provider[\"registry.terraform.io/yandex-cloud/yandex\"]",
      "instances": [
        {
          "schema_version": 0,
          "attributes": {
            "allow_recreate": null,
            "block_size": 4096,
            "created_at": "2024-10-02T18:09:03Z",
            "description": "",
            "disk_placement_policy": [
              {
                "disk_placement_group_id": ""
              }
            ],
            "folder_id": "b1g11stnhjcsvm2rbbnq",
            "id": "fv4r8utnk6c96pk9v610",
            "image_id": "fd8a57cqgaima6ke454e",
            "labels": {},
            "name": "disk-zabbixserv",
            "product_ids": [
              "f2e8kqett0lf8pcovrp1"
            ],
            "size": 10,
            "snapshot_id": "",
            "status": "ready",
            "timeouts": null,
            "type": "network-hdd",
            "zone": "ru-central1-d"
          },
          "sensitive_attributes": [],
          "private": "eyJlMmJmYjczMC1lY2FhLTExZTYtOGY4OC0zNDM2M2JjN2M0YzAiOnsiY3JlYXRlIjozMDAwMDAwMDAwMDAsImRlbGV0ZSI6MzAwMDAwMDAwMDAwLCJ1cGRhdGUiOjMwMDAwMDAwMDAwMH19"
        }
      ]
    },
    {
      "mode": "managed",
      "type": "yandex_compute_instance",
      "name": "bastionserv",
      "provider": "provider[\"registry.terraform.io/yandex-cloud/yandex\"]",
      "instances": [
        {
          "schema_version": 1,
          "attributes": {
            "allow_recreate": null,
            "allow_stopping_for_update": null,
            "boot_disk": [
              {
                "auto_delete": true,
                "device_name": "fv4bl0plrep5dj61r15u",
                "disk_id": "fv4bl0plrep5dj61r15u",
                "initialize_params": [
                  {
                    "block_size": 4096,
                    "description": "",
                    "image_id": "fd8a57cqgaima6ke454e",
                    "name": "disk-bastionserv",
                    "size": 10,
                    "snapshot_id": "",
                    "type": "network-hdd"
                  }
                ],
                "mode": "READ_WRITE"
              }
            ],
            "created_at": "2024-10-02T17:22:59Z",
            "description": "",
            "filesystem": [],
            "folder_id": "b1g11stnhjcsvm2rbbnq",
            "fqdn": "bastionserv.ru-central1.internal",
            "gpu_cluster_id": "",
            "hostname": "bastionserv",
            "id": "fv47vcpovntaar65sd2g",
            "labels": {},
            "local_disk": [],
            "maintenance_grace_period": "",
            "maintenance_policy": null,
            "metadata": {
              "user-data": "#cloud-config\nusers:\n  - name: user\n    groups: sudo\n    shell: /bin/bash\n    sudo: ['ALL=(ALL) NOPASSWD:ALL']\n    ssh-authorized-keys:\n      - ssh-rsa AAAAB3NzaC1yc2EAAAADAQABAAABgQDWpREaBVrEl4xImisq0DC4cQU1UPbyvF+922bsNfGR2wSTV/qLYk01owF/EFanKuKq+AtM57Gjm/YWnTxn1o+WXC5bL8rWYC4+xfm6csWsGB0Sorsf9o0GPJS+bHgM/DzF6wPGWEAaJtOGj00TJbBl9T6lG2X5P94hWxltVrqIlbULasvHAFK+u+c2uE+iqrhr7dfB1i3X5rIFrOi1R3sFUVos2Zt4wb57F97C7GCn8IQL1en/Phz+pdQrhctn1oUs9x/ibFyjptBnMKcfFxnkt0wzr4I7puwCFY+EqRSbJOr+vevJkAHsTKQE8413HdNQCCO88kiyBIRJt6juqbRpXGfsphWaL9zouz8CEC7vQSbM9FxRCXIhdYea4ApnbWqAJFtrpwu676iiC+sJQVLAiKM/kUUusG5wIy4hOhbJ9Jm44fv1gd9XkFfdHP0m9dzMt86Kw8K9MoDDIuDQHPee52h+fbWHlEYOREqu3pqPHXGIr1G6p159/s/ZCUg3pGs= artem@ubuntu\n"
            },
            "metadata_options": [
              {
                "aws_v1_http_endpoint": 1,
                "aws_v1_http_token": 2,
                "gce_http_endpoint": 1,
                "gce_http_token": 1
              }
            ],
            "name": "bastionserv",
            "network_acceleration_type": "standard",
            "network_interface": [
              {
                "dns_record": [],
                "index": 0,
                "ip_address": "192.168.4.55",
                "ipv4": true,
                "ipv6": false,
                "ipv6_address": "",
                "ipv6_dns_record": [],
                "mac_address": "d0:0d:7f:b3:38:fd",
                "nat": true,
                "nat_dns_record": [],
                "nat_ip_address": "84.201.180.108",
                "nat_ip_version": "IPV4",
                "security_group_ids": [
                  "enp7eqnc17nmvnaqas5c"
                ],
                "subnet_id": "fl8j65re0ee7rq1g817s"
              }
            ],
            "placement_policy": [
              {
                "host_affinity_rules": [],
                "placement_group_id": "",
                "placement_group_partition": 0
              }
            ],
            "platform_id": "standard-v3",
            "resources": [
              {
                "core_fraction": 20,
                "cores": 2,
                "gpus": 0,
                "memory": 2
              }
            ],
            "scheduling_policy": [
              {
                "preemptible": true
              }
            ],
            "secondary_disk": [],
            "service_account_id": "",
            "status": "running",
            "timeouts": null,
            "zone": "ru-central1-d"
          },
          "sensitive_attributes": [],
          "private": "eyJlMmJmYjczMC1lY2FhLTExZTYtOGY4OC0zNDM2M2JjN2M0YzAiOnsiY3JlYXRlIjozMDAwMDAwMDAwMDAsImRlbGV0ZSI6MzAwMDAwMDAwMDAwLCJ1cGRhdGUiOjMwMDAwMDAwMDAwMH0sInNjaGVtYV92ZXJzaW9uIjoiMSJ9",
          "dependencies": [
            "yandex_compute_disk.disk-bastionserv",
            "yandex_vpc_gateway.nginx1-2_elastic_gateway",
            "yandex_vpc_network.network-1",
            "yandex_vpc_route_table.nginx1-2_elastic",
            "yandex_vpc_security_group.bastion-sg",
            "yandex_vpc_subnet.subnet-4"
          ]
        }
      ]
    },
    {
      "mode": "managed",
      "type": "yandex_compute_instance",
      "name": "elasticserv",
      "provider": "provider[\"registry.terraform.io/yandex-cloud/yandex\"]",
      "instances": [
        {
          "schema_version": 1,
          "attributes": {
            "allow_recreate": null,
            "allow_stopping_for_update": true,
            "boot_disk": [
              {
                "auto_delete": true,
                "device_name": "fv48fnr2mf0rl1lcpf7m",
                "disk_id": "fv48fnr2mf0rl1lcpf7m",
                "initialize_params": [
                  {
                    "block_size": 4096,
                    "description": "",
                    "image_id": "fd8a57cqgaima6ke454e",
                    "name": "disk-elasticserv",
                    "size": 20,
                    "snapshot_id": "",
                    "type": "network-hdd"
                  }
                ],
                "mode": "READ_WRITE"
              }
            ],
            "created_at": "2024-10-03T08:11:08Z",
            "description": "",
            "filesystem": [],
            "folder_id": "b1g11stnhjcsvm2rbbnq",
            "fqdn": "elasticserv.ru-central1.internal",
            "gpu_cluster_id": "",
            "hostname": "elasticserv",
            "id": "fv4cgstepmkemjpeaobq",
            "labels": null,
            "local_disk": [],
            "maintenance_grace_period": "",
            "maintenance_policy": null,
            "metadata": {
              "user-data": "#cloud-config\nusers:\n  - name: user\n    groups: sudo\n    shell: /bin/bash\n    sudo: ['ALL=(ALL) NOPASSWD:ALL']\n    ssh-authorized-keys:\n      - ssh-rsa AAAAB3NzaC1yc2EAAAADAQABAAABgQDWpREaBVrEl4xImisq0DC4cQU1UPbyvF+922bsNfGR2wSTV/qLYk01owF/EFanKuKq+AtM57Gjm/YWnTxn1o+WXC5bL8rWYC4+xfm6csWsGB0Sorsf9o0GPJS+bHgM/DzF6wPGWEAaJtOGj00TJbBl9T6lG2X5P94hWxltVrqIlbULasvHAFK+u+c2uE+iqrhr7dfB1i3X5rIFrOi1R3sFUVos2Zt4wb57F97C7GCn8IQL1en/Phz+pdQrhctn1oUs9x/ibFyjptBnMKcfFxnkt0wzr4I7puwCFY+EqRSbJOr+vevJkAHsTKQE8413HdNQCCO88kiyBIRJt6juqbRpXGfsphWaL9zouz8CEC7vQSbM9FxRCXIhdYea4ApnbWqAJFtrpwu676iiC+sJQVLAiKM/kUUusG5wIy4hOhbJ9Jm44fv1gd9XkFfdHP0m9dzMt86Kw8K9MoDDIuDQHPee52h+fbWHlEYOREqu3pqPHXGIr1G6p159/s/ZCUg3pGs= artem@ubuntu\n"
            },
            "metadata_options": [
              {
                "aws_v1_http_endpoint": 1,
                "aws_v1_http_token": 2,
                "gce_http_endpoint": 1,
                "gce_http_token": 1
              }
            ],
            "name": "elasticserv",
            "network_acceleration_type": "standard",
            "network_interface": [
              {
                "dns_record": [],
                "index": 0,
                "ip_address": "192.168.4.44",
                "ipv4": true,
                "ipv6": false,
                "ipv6_address": "",
                "ipv6_dns_record": [],
                "mac_address": "d0:0d:c8:73:ae:cd",
                "nat": false,
                "nat_dns_record": [],
                "nat_ip_address": "",
                "nat_ip_version": "",
                "security_group_ids": [
                  "enp3htqndfo1dqm0k86k",
                  "enpjubj807d4pf7vtk5u"
                ],
                "subnet_id": "fl8j65re0ee7rq1g817s"
              }
            ],
            "placement_policy": [
              {
                "host_affinity_rules": [],
                "placement_group_id": "",
                "placement_group_partition": 0
              }
            ],
            "platform_id": "standard-v3",
            "resources": [
              {
                "core_fraction": 20,
                "cores": 2,
                "gpus": 0,
                "memory": 4
              }
            ],
            "scheduling_policy": [
              {
                "preemptible": true
              }
            ],
            "secondary_disk": [],
            "service_account_id": "",
            "status": "running",
            "timeouts": null,
            "zone": "ru-central1-d"
          },
          "sensitive_attributes": [],
          "private": "eyJlMmJmYjczMC1lY2FhLTExZTYtOGY4OC0zNDM2M2JjN2M0YzAiOnsiY3JlYXRlIjozMDAwMDAwMDAwMDAsImRlbGV0ZSI6MzAwMDAwMDAwMDAwLCJ1cGRhdGUiOjMwMDAwMDAwMDAwMH0sInNjaGVtYV92ZXJzaW9uIjoiMSJ9",
          "dependencies": [
            "yandex_compute_disk.disk-elasticserv",
            "yandex_vpc_gateway.nginx1-2_elastic_gateway",
            "yandex_vpc_network.network-1",
            "yandex_vpc_route_table.nginx1-2_elastic",
            "yandex_vpc_security_group.elastic-sg",
            "yandex_vpc_security_group.security-ssh-traffic",
            "yandex_vpc_subnet.subnet-4"
          ]
        }
      ]
    },
    {
      "mode": "managed",
      "type": "yandex_compute_instance",
      "name": "kibanaserv",
      "provider": "provider[\"registry.terraform.io/yandex-cloud/yandex\"]",
      "instances": [
        {
          "schema_version": 1,
          "attributes": {
            "allow_recreate": null,
            "allow_stopping_for_update": true,
            "boot_disk": [
              {
                "auto_delete": true,
                "device_name": "epdbevg11487dtue4rou",
                "disk_id": "epdbevg11487dtue4rou",
                "initialize_params": [
                  {
                    "block_size": 4096,
                    "description": "",
                    "image_id": "fd8a57cqgaima6ke454e",
                    "name": "disk-kibanaserv",
                    "size": 10,
                    "snapshot_id": "",
                    "type": "network-hdd"
                  }
                ],
                "mode": "READ_WRITE"
              }
            ],
            "created_at": "2024-10-03T08:11:12Z",
            "description": "",
            "filesystem": [],
            "folder_id": "b1g11stnhjcsvm2rbbnq",
            "fqdn": "kibanaserv.ru-central1.internal",
            "gpu_cluster_id": "",
            "hostname": "kibanaserv",
            "id": "epdeafd5see0ldos223q",
            "labels": null,
            "local_disk": [],
            "maintenance_grace_period": "",
            "maintenance_policy": null,
            "metadata": {
              "user-data": "#cloud-config\nusers:\n  - name: user\n    groups: sudo\n    shell: /bin/bash\n    sudo: ['ALL=(ALL) NOPASSWD:ALL']\n    ssh-authorized-keys:\n      - ssh-rsa AAAAB3NzaC1yc2EAAAADAQABAAABgQDWpREaBVrEl4xImisq0DC4cQU1UPbyvF+922bsNfGR2wSTV/qLYk01owF/EFanKuKq+AtM57Gjm/YWnTxn1o+WXC5bL8rWYC4+xfm6csWsGB0Sorsf9o0GPJS+bHgM/DzF6wPGWEAaJtOGj00TJbBl9T6lG2X5P94hWxltVrqIlbULasvHAFK+u+c2uE+iqrhr7dfB1i3X5rIFrOi1R3sFUVos2Zt4wb57F97C7GCn8IQL1en/Phz+pdQrhctn1oUs9x/ibFyjptBnMKcfFxnkt0wzr4I7puwCFY+EqRSbJOr+vevJkAHsTKQE8413HdNQCCO88kiyBIRJt6juqbRpXGfsphWaL9zouz8CEC7vQSbM9FxRCXIhdYea4ApnbWqAJFtrpwu676iiC+sJQVLAiKM/kUUusG5wIy4hOhbJ9Jm44fv1gd9XkFfdHP0m9dzMt86Kw8K9MoDDIuDQHPee52h+fbWHlEYOREqu3pqPHXGIr1G6p159/s/ZCUg3pGs= artem@ubuntu\n"
            },
            "metadata_options": [
              {
                "aws_v1_http_endpoint": 1,
                "aws_v1_http_token": 2,
                "gce_http_endpoint": 1,
                "gce_http_token": 1
              }
            ],
            "name": "kibanaserv",
            "network_acceleration_type": "standard",
            "network_interface": [
              {
                "dns_record": [],
                "index": 0,
                "ip_address": "192.168.2.32",
                "ipv4": true,
                "ipv6": false,
                "ipv6_address": "",
                "ipv6_dns_record": [],
                "mac_address": "d0:0d:e5:3d:a5:e3",
                "nat": true,
                "nat_dns_record": [],
                "nat_ip_address": "158.160.12.114",
                "nat_ip_version": "IPV4",
                "security_group_ids": [
                  "enp3htqndfo1dqm0k86k",
                  "enp8svqc3il39trlhj4f"
                ],
                "subnet_id": "e2lp0776mg4j6237s0da"
              }
            ],
            "placement_policy": [
              {
                "host_affinity_rules": [],
                "placement_group_id": "",
                "placement_group_partition": 0
              }
            ],
            "platform_id": "standard-v3",
            "resources": [
              {
                "core_fraction": 20,
                "cores": 2,
                "gpus": 0,
                "memory": 2
              }
            ],
            "scheduling_policy": [
              {
                "preemptible": true
              }
            ],
            "secondary_disk": [],
            "service_account_id": "",
            "status": "running",
            "timeouts": null,
            "zone": "ru-central1-b"
          },
          "sensitive_attributes": [],
          "private": "eyJlMmJmYjczMC1lY2FhLTExZTYtOGY4OC0zNDM2M2JjN2M0YzAiOnsiY3JlYXRlIjozMDAwMDAwMDAwMDAsImRlbGV0ZSI6MzAwMDAwMDAwMDAwLCJ1cGRhdGUiOjMwMDAwMDAwMDAwMH0sInNjaGVtYV92ZXJzaW9uIjoiMSJ9",
          "dependencies": [
            "yandex_compute_disk.disk-kibanaserv",
            "yandex_vpc_gateway.nginx1-2_elastic_gateway",
            "yandex_vpc_network.network-1",
            "yandex_vpc_route_table.nginx1-2_elastic",
            "yandex_vpc_security_group.kibana-sg",
            "yandex_vpc_security_group.security-ssh-traffic",
            "yandex_vpc_subnet.subnet-2"
          ]
        }
      ]
    },
    {
      "mode": "managed",
      "type": "yandex_compute_instance",
      "name": "webserv-1",
      "provider": "provider[\"registry.terraform.io/yandex-cloud/yandex\"]",
      "instances": [
        {
          "schema_version": 1,
          "attributes": {
            "allow_recreate": null,
            "allow_stopping_for_update": true,
            "boot_disk": [
              {
                "auto_delete": true,
                "device_name": "fhmqtg9leakhjme9mhmc",
                "disk_id": "fhmqtg9leakhjme9mhmc",
                "initialize_params": [
                  {
                    "block_size": 4096,
                    "description": "",
                    "image_id": "fd8a57cqgaima6ke454e",
                    "name": "disk-webserv1",
                    "size": 10,
                    "snapshot_id": "",
                    "type": "network-hdd"
                  }
                ],
                "mode": "READ_WRITE"
              }
            ],
            "created_at": "2024-10-03T08:11:14Z",
            "description": "",
            "filesystem": [],
            "folder_id": "b1g11stnhjcsvm2rbbnq",
            "fqdn": "webserv-1.ru-central1.internal",
            "gpu_cluster_id": "",
            "hostname": "webserv-1",
            "id": "fhm4th4nhrurlvkvno58",
            "labels": null,
            "local_disk": [],
            "maintenance_grace_period": "",
            "maintenance_policy": null,
            "metadata": {
              "user-data": "#cloud-config\nusers:\n  - name: user\n    groups: sudo\n    shell: /bin/bash\n    sudo: ['ALL=(ALL) NOPASSWD:ALL']\n    ssh-authorized-keys:\n      - ssh-rsa AAAAB3NzaC1yc2EAAAADAQABAAABgQDWpREaBVrEl4xImisq0DC4cQU1UPbyvF+922bsNfGR2wSTV/qLYk01owF/EFanKuKq+AtM57Gjm/YWnTxn1o+WXC5bL8rWYC4+xfm6csWsGB0Sorsf9o0GPJS+bHgM/DzF6wPGWEAaJtOGj00TJbBl9T6lG2X5P94hWxltVrqIlbULasvHAFK+u+c2uE+iqrhr7dfB1i3X5rIFrOi1R3sFUVos2Zt4wb57F97C7GCn8IQL1en/Phz+pdQrhctn1oUs9x/ibFyjptBnMKcfFxnkt0wzr4I7puwCFY+EqRSbJOr+vevJkAHsTKQE8413HdNQCCO88kiyBIRJt6juqbRpXGfsphWaL9zouz8CEC7vQSbM9FxRCXIhdYea4ApnbWqAJFtrpwu676iiC+sJQVLAiKM/kUUusG5wIy4hOhbJ9Jm44fv1gd9XkFfdHP0m9dzMt86Kw8K9MoDDIuDQHPee52h+fbWHlEYOREqu3pqPHXGIr1G6p159/s/ZCUg3pGs= artem@ubuntu\n"
            },
            "metadata_options": [
              {
                "aws_v1_http_endpoint": 1,
                "aws_v1_http_token": 2,
                "gce_http_endpoint": 1,
                "gce_http_token": 1
              }
            ],
            "name": "webserv-1",
            "network_acceleration_type": "standard",
            "network_interface": [
              {
                "dns_record": [],
                "index": 0,
                "ip_address": "192.168.1.11",
                "ipv4": true,
                "ipv6": false,
                "ipv6_address": "",
                "ipv6_dns_record": [],
                "mac_address": "d0:0d:4e:c4:97:8e",
                "nat": false,
                "nat_dns_record": [],
                "nat_ip_address": "",
                "nat_ip_version": "",
                "security_group_ids": [
                  "enp3htqndfo1dqm0k86k",
                  "enpna8940o1iim49dhf1"
                ],
                "subnet_id": "e9bf5p2det9krs4dr7ip"
              }
            ],
            "placement_policy": [
              {
                "host_affinity_rules": [],
                "placement_group_id": "",
                "placement_group_partition": 0
              }
            ],
            "platform_id": "standard-v3",
            "resources": [
              {
                "core_fraction": 20,
                "cores": 2,
                "gpus": 0,
                "memory": 2
              }
            ],
            "scheduling_policy": [
              {
                "preemptible": true
              }
            ],
            "secondary_disk": [],
            "service_account_id": "",
            "status": "running",
            "timeouts": null,
            "zone": "ru-central1-a"
          },
          "sensitive_attributes": [],
          "private": "eyJlMmJmYjczMC1lY2FhLTExZTYtOGY4OC0zNDM2M2JjN2M0YzAiOnsiY3JlYXRlIjozMDAwMDAwMDAwMDAsImRlbGV0ZSI6MzAwMDAwMDAwMDAwLCJ1cGRhdGUiOjMwMDAwMDAwMDAwMH0sInNjaGVtYV92ZXJzaW9uIjoiMSJ9",
          "dependencies": [
            "yandex_compute_disk.disk-webserv-1",
            "yandex_vpc_gateway.nginx1-2_elastic_gateway",
            "yandex_vpc_network.network-1",
            "yandex_vpc_route_table.nginx1-2_elastic",
            "yandex_vpc_security_group.nginx-sg",
            "yandex_vpc_security_group.security-ssh-traffic",
            "yandex_vpc_subnet.subnet-1"
          ]
        }
      ]
    },
    {
      "mode": "managed",
      "type": "yandex_compute_instance",
      "name": "webserv-2",
      "provider": "provider[\"registry.terraform.io/yandex-cloud/yandex\"]",
      "instances": [
        {
          "schema_version": 1,
          "attributes": {
            "allow_recreate": null,
            "allow_stopping_for_update": true,
            "boot_disk": [
              {
                "auto_delete": true,
                "device_name": "epd6ovl7mn70t7nsfdod",
                "disk_id": "epd6ovl7mn70t7nsfdod",
                "initialize_params": [
                  {
                    "block_size": 4096,
                    "description": "",
                    "image_id": "fd8a57cqgaima6ke454e",
                    "name": "disk-webserv2",
                    "size": 10,
                    "snapshot_id": "",
                    "type": "network-hdd"
                  }
                ],
                "mode": "READ_WRITE"
              }
            ],
            "created_at": "2024-10-03T08:11:06Z",
            "description": "",
            "filesystem": [],
            "folder_id": "b1g11stnhjcsvm2rbbnq",
            "fqdn": "webserv-2.ru-central1.internal",
            "gpu_cluster_id": "",
            "hostname": "webserv-2",
            "id": "epdhftpn1vtea4r78vok",
            "labels": null,
            "local_disk": [],
            "maintenance_grace_period": "",
            "maintenance_policy": null,
            "metadata": {
              "user-data": "#cloud-config\nusers:\n  - name: user\n    groups: sudo\n    shell: /bin/bash\n    sudo: ['ALL=(ALL) NOPASSWD:ALL']\n    ssh-authorized-keys:\n      - ssh-rsa AAAAB3NzaC1yc2EAAAADAQABAAABgQDWpREaBVrEl4xImisq0DC4cQU1UPbyvF+922bsNfGR2wSTV/qLYk01owF/EFanKuKq+AtM57Gjm/YWnTxn1o+WXC5bL8rWYC4+xfm6csWsGB0Sorsf9o0GPJS+bHgM/DzF6wPGWEAaJtOGj00TJbBl9T6lG2X5P94hWxltVrqIlbULasvHAFK+u+c2uE+iqrhr7dfB1i3X5rIFrOi1R3sFUVos2Zt4wb57F97C7GCn8IQL1en/Phz+pdQrhctn1oUs9x/ibFyjptBnMKcfFxnkt0wzr4I7puwCFY+EqRSbJOr+vevJkAHsTKQE8413HdNQCCO88kiyBIRJt6juqbRpXGfsphWaL9zouz8CEC7vQSbM9FxRCXIhdYea4ApnbWqAJFtrpwu676iiC+sJQVLAiKM/kUUusG5wIy4hOhbJ9Jm44fv1gd9XkFfdHP0m9dzMt86Kw8K9MoDDIuDQHPee52h+fbWHlEYOREqu3pqPHXGIr1G6p159/s/ZCUg3pGs= artem@ubuntu\n"
            },
            "metadata_options": [
              {
                "aws_v1_http_endpoint": 1,
                "aws_v1_http_token": 2,
                "gce_http_endpoint": 1,
                "gce_http_token": 1
              }
            ],
            "name": "webserv-2",
            "network_acceleration_type": "standard",
            "network_interface": [
              {
                "dns_record": [],
                "index": 0,
                "ip_address": "192.168.2.22",
                "ipv4": true,
                "ipv6": false,
                "ipv6_address": "",
                "ipv6_dns_record": [],
                "mac_address": "d0:0d:11:7f:73:70",
                "nat": false,
                "nat_dns_record": [],
                "nat_ip_address": "",
                "nat_ip_version": "",
                "security_group_ids": [
                  "enp3htqndfo1dqm0k86k",
                  "enpna8940o1iim49dhf1"
                ],
                "subnet_id": "e2lp0776mg4j6237s0da"
              }
            ],
            "placement_policy": [
              {
                "host_affinity_rules": [],
                "placement_group_id": "",
                "placement_group_partition": 0
              }
            ],
            "platform_id": "standard-v3",
            "resources": [
              {
                "core_fraction": 20,
                "cores": 2,
                "gpus": 0,
                "memory": 2
              }
            ],
            "scheduling_policy": [
              {
                "preemptible": true
              }
            ],
            "secondary_disk": [],
            "service_account_id": "",
            "status": "running",
            "timeouts": null,
            "zone": "ru-central1-b"
          },
          "sensitive_attributes": [],
          "private": "eyJlMmJmYjczMC1lY2FhLTExZTYtOGY4OC0zNDM2M2JjN2M0YzAiOnsiY3JlYXRlIjozMDAwMDAwMDAwMDAsImRlbGV0ZSI6MzAwMDAwMDAwMDAwLCJ1cGRhdGUiOjMwMDAwMDAwMDAwMH0sInNjaGVtYV92ZXJzaW9uIjoiMSJ9",
          "dependencies": [
            "yandex_compute_disk.disk-webserv-2",
            "yandex_vpc_gateway.nginx1-2_elastic_gateway",
            "yandex_vpc_network.network-1",
            "yandex_vpc_route_table.nginx1-2_elastic",
            "yandex_vpc_security_group.nginx-sg",
            "yandex_vpc_security_group.security-ssh-traffic",
            "yandex_vpc_subnet.subnet-2"
          ]
        }
      ]
    },
    {
      "mode": "managed",
      "type": "yandex_compute_instance",
      "name": "zabbixserv",
      "provider": "provider[\"registry.terraform.io/yandex-cloud/yandex\"]",
      "instances": [
        {
          "schema_version": 1,
          "attributes": {
            "allow_recreate": null,
            "allow_stopping_for_update": true,
            "boot_disk": [
              {
                "auto_delete": true,
                "device_name": "fv4r8utnk6c96pk9v610",
                "disk_id": "fv4r8utnk6c96pk9v610",
                "initialize_params": [
                  {
                    "block_size": 4096,
                    "description": "",
                    "image_id": "fd8a57cqgaima6ke454e",
                    "name": "disk-zabbixserv",
                    "size": 10,
                    "snapshot_id": "",
                    "type": "network-hdd"
                  }
                ],
                "mode": "READ_WRITE"
              }
            ],
            "created_at": "2024-10-02T18:09:09Z",
            "description": "",
            "filesystem": [],
            "folder_id": "b1g11stnhjcsvm2rbbnq",
            "fqdn": "zabbixserv.ru-central1.internal",
            "gpu_cluster_id": "",
            "hostname": "zabbixserv",
            "id": "fv4rrtjgjvrp01lcp28v",
            "labels": {},
            "local_disk": [],
            "maintenance_grace_period": "",
            "maintenance_policy": null,
            "metadata": {
              "user-data": "#cloud-config\nusers:\n  - name: user\n    groups: sudo\n    shell: /bin/bash\n    sudo: ['ALL=(ALL) NOPASSWD:ALL']\n    ssh-authorized-keys:\n      - ssh-rsa AAAAB3NzaC1yc2EAAAADAQABAAABgQDWpREaBVrEl4xImisq0DC4cQU1UPbyvF+922bsNfGR2wSTV/qLYk01owF/EFanKuKq+AtM57Gjm/YWnTxn1o+WXC5bL8rWYC4+xfm6csWsGB0Sorsf9o0GPJS+bHgM/DzF6wPGWEAaJtOGj00TJbBl9T6lG2X5P94hWxltVrqIlbULasvHAFK+u+c2uE+iqrhr7dfB1i3X5rIFrOi1R3sFUVos2Zt4wb57F97C7GCn8IQL1en/Phz+pdQrhctn1oUs9x/ibFyjptBnMKcfFxnkt0wzr4I7puwCFY+EqRSbJOr+vevJkAHsTKQE8413HdNQCCO88kiyBIRJt6juqbRpXGfsphWaL9zouz8CEC7vQSbM9FxRCXIhdYea4ApnbWqAJFtrpwu676iiC+sJQVLAiKM/kUUusG5wIy4hOhbJ9Jm44fv1gd9XkFfdHP0m9dzMt86Kw8K9MoDDIuDQHPee52h+fbWHlEYOREqu3pqPHXGIr1G6p159/s/ZCUg3pGs= artem@ubuntu\n"
            },
            "metadata_options": [
              {
                "aws_v1_http_endpoint": 1,
                "aws_v1_http_token": 2,
                "gce_http_endpoint": 1,
                "gce_http_token": 1
              }
            ],
            "name": "zabbixserv",
            "network_acceleration_type": "standard",
            "network_interface": [
              {
                "dns_record": [],
                "index": 0,
                "ip_address": "192.168.4.33",
                "ipv4": true,
                "ipv6": false,
                "ipv6_address": "",
                "ipv6_dns_record": [],
                "mac_address": "d0:0d:1b:df:67:09",
                "nat": true,
                "nat_dns_record": [],
                "nat_ip_address": "84.201.181.214",
                "nat_ip_version": "IPV4",
                "security_group_ids": [
                  "enp3htqndfo1dqm0k86k",
                  "enpeg885g3mupp1vcse8"
                ],
                "subnet_id": "fl8j65re0ee7rq1g817s"
              }
            ],
            "placement_policy": [
              {
                "host_affinity_rules": [],
                "placement_group_id": "",
                "placement_group_partition": 0
              }
            ],
            "platform_id": "standard-v3",
            "resources": [
              {
                "core_fraction": 20,
                "cores": 2,
                "gpus": 0,
                "memory": 2
              }
            ],
            "scheduling_policy": [
              {
                "preemptible": true
              }
            ],
            "secondary_disk": [],
            "service_account_id": "",
            "status": "running",
            "timeouts": null,
            "zone": "ru-central1-d"
          },
          "sensitive_attributes": [],
          "private": "eyJlMmJmYjczMC1lY2FhLTExZTYtOGY4OC0zNDM2M2JjN2M0YzAiOnsiY3JlYXRlIjozMDAwMDAwMDAwMDAsImRlbGV0ZSI6MzAwMDAwMDAwMDAwLCJ1cGRhdGUiOjMwMDAwMDAwMDAwMH0sInNjaGVtYV92ZXJzaW9uIjoiMSJ9",
          "dependencies": [
            "yandex_compute_disk.disk-zabbixserv",
            "yandex_vpc_gateway.nginx1-2_elastic_gateway",
            "yandex_vpc_network.network-1",
            "yandex_vpc_route_table.nginx1-2_elastic",
            "yandex_vpc_security_group.security-ssh-traffic",
            "yandex_vpc_security_group.zabbix-sg",
            "yandex_vpc_subnet.subnet-4"
          ]
        }
      ]
    },
    {
      "mode": "managed",
      "type": "yandex_compute_snapshot_schedule",
      "name": "default1",
      "provider": "provider[\"registry.terraform.io/yandex-cloud/yandex\"]",
      "instances": [
        {
          "schema_version": 0,
          "attributes": {
            "created_at": "2024-10-02T17:23:54Z",
            "description": "Ежедневные снимки, хранятся 7 дней",
            "disk_ids": [
              "epd6ovl7mn70t7nsfdod",
              "epdbevg11487dtue4rou",
              "fhmqtg9leakhjme9mhmc",
              "fv48fnr2mf0rl1lcpf7m",
              "fv4bl0plrep5dj61r15u",
              "fv4r8utnk6c96pk9v610"
            ],
            "folder_id": "b1g11stnhjcsvm2rbbnq",
            "id": "fd8uldck356f6ou5n6l8",
            "labels": {},
            "name": "default1",
            "retention_period": "168h0m0s",
            "schedule_policy": [
              {
                "expression": "0 1 * * *",
                "start_at": "1970-01-01T00:00:00Z"
              }
            ],
            "snapshot_count": 0,
            "snapshot_spec": [
              {
                "description": "retention-snapshot",
                "labels": {}
              }
            ],
            "status": "active",
            "timeouts": null
          },
          "sensitive_attributes": [],
          "private": "eyJlMmJmYjczMC1lY2FhLTExZTYtOGY4OC0zNDM2M2JjN2M0YzAiOnsiY3JlYXRlIjozMDAwMDAwMDAwMDAsImRlbGV0ZSI6MzAwMDAwMDAwMDAwLCJ1cGRhdGUiOjMwMDAwMDAwMDAwMH19",
          "dependencies": [
            "yandex_compute_disk.disk-bastionserv",
            "yandex_compute_disk.disk-elasticserv",
            "yandex_compute_disk.disk-kibanaserv",
            "yandex_compute_disk.disk-webserv-1",
            "yandex_compute_disk.disk-webserv-2",
            "yandex_compute_disk.disk-zabbixserv",
            "yandex_compute_instance.bastionserv",
            "yandex_compute_instance.elasticserv",
            "yandex_compute_instance.kibanaserv",
            "yandex_compute_instance.webserv-1",
            "yandex_compute_instance.webserv-2",
            "yandex_compute_instance.zabbixserv",
            "yandex_vpc_gateway.nginx1-2_elastic_gateway",
            "yandex_vpc_network.network-1",
            "yandex_vpc_route_table.nginx1-2_elastic",
            "yandex_vpc_security_group.bastion-sg",
            "yandex_vpc_security_group.elastic-sg",
            "yandex_vpc_security_group.kibana-sg",
            "yandex_vpc_security_group.nginx-sg",
            "yandex_vpc_security_group.security-ssh-traffic",
            "yandex_vpc_security_group.zabbix-sg",
            "yandex_vpc_subnet.subnet-1",
            "yandex_vpc_subnet.subnet-2",
            "yandex_vpc_subnet.subnet-4"
          ]
        }
      ]
    },
    {
      "mode": "managed",
      "type": "yandex_vpc_gateway",
      "name": "nginx1-2_elastic_gateway",
      "provider": "provider[\"registry.terraform.io/yandex-cloud/yandex\"]",
      "instances": [
        {
          "schema_version": 0,
          "attributes": {
            "created_at": "2024-10-02T17:22:52Z",
            "description": "",
            "folder_id": "b1g11stnhjcsvm2rbbnq",
            "id": "enpkq1rd1673vvmis6rb",
            "labels": {},
            "name": "nginx-elastic-gateway",
            "shared_egress_gateway": [
              {}
            ],
            "timeouts": null
          },
          "sensitive_attributes": [],
          "private": "eyJlMmJmYjczMC1lY2FhLTExZTYtOGY4OC0zNDM2M2JjN2M0YzAiOnsiY3JlYXRlIjo2MDAwMDAwMDAwMCwiZGVsZXRlIjo2MDAwMDAwMDAwMCwidXBkYXRlIjo2MDAwMDAwMDAwMH19"
        }
      ]
    },
    {
      "mode": "managed",
      "type": "yandex_vpc_network",
      "name": "network-1",
      "provider": "provider[\"registry.terraform.io/yandex-cloud/yandex\"]",
      "instances": [
        {
          "schema_version": 0,
          "attributes": {
            "created_at": "2024-10-02T17:22:52Z",
            "default_security_group_id": "enpsd8b3nop7gtcs1ko2",
            "description": "",
            "folder_id": "b1g11stnhjcsvm2rbbnq",
            "id": "enpktqrl1usj5c2no2q5",
            "labels": {},
            "name": "network1",
            "subnet_ids": [
              "e2lp0776mg4j6237s0da",
              "e9bf5p2det9krs4dr7ip",
              "fl8j65re0ee7rq1g817s"
            ],
            "timeouts": null
          },
          "sensitive_attributes": [],
          "private": "eyJlMmJmYjczMC1lY2FhLTExZTYtOGY4OC0zNDM2M2JjN2M0YzAiOnsiY3JlYXRlIjo2MDAwMDAwMDAwMCwiZGVsZXRlIjo2MDAwMDAwMDAwMCwidXBkYXRlIjo2MDAwMDAwMDAwMH19"
        }
      ]
    },
    {
      "mode": "managed",
      "type": "yandex_vpc_route_table",
      "name": "nginx1-2_elastic",
      "provider": "provider[\"registry.terraform.io/yandex-cloud/yandex\"]",
      "instances": [
        {
          "schema_version": 0,
          "attributes": {
            "created_at": "2024-10-02T17:22:54Z",
            "description": "",
            "folder_id": "b1g11stnhjcsvm2rbbnq",
            "id": "enpilrkm5noob8nual8g",
            "labels": {},
            "name": "nginx-elastic-route-table",
            "network_id": "enpktqrl1usj5c2no2q5",
            "static_route": [
              {
                "destination_prefix": "0.0.0.0/0",
                "gateway_id": "enpkq1rd1673vvmis6rb",
                "next_hop_address": ""
              }
            ],
            "timeouts": null
          },
          "sensitive_attributes": [],
          "private": "eyJlMmJmYjczMC1lY2FhLTExZTYtOGY4OC0zNDM2M2JjN2M0YzAiOnsiY3JlYXRlIjoxODAwMDAwMDAwMDAsImRlbGV0ZSI6MTgwMDAwMDAwMDAwLCJ1cGRhdGUiOjE4MDAwMDAwMDAwMH19",
          "dependencies": [
            "yandex_vpc_gateway.nginx1-2_elastic_gateway",
            "yandex_vpc_network.network-1"
          ]
        }
      ]
    },
    {
      "mode": "managed",
      "type": "yandex_vpc_security_group",
      "name": "bastion-sg",
      "provider": "provider[\"registry.terraform.io/yandex-cloud/yandex\"]",
      "instances": [
        {
          "schema_version": 0,
          "attributes": {
            "created_at": "2024-10-02T17:22:57Z",
            "description": "access via ssh",
            "egress": [
              {
                "description": "any for basion to out",
                "from_port": -1,
                "id": "enpn6h3h0phd1vvni82h",
                "labels": {},
                "port": -1,
                "predefined_target": "",
                "protocol": "ANY",
                "security_group_id": "",
                "to_port": -1,
                "v4_cidr_blocks": [
                  "0.0.0.0/0"
                ],
                "v6_cidr_blocks": []
              }
            ],
            "folder_id": "b1g11stnhjcsvm2rbbnq",
            "id": "enp7eqnc17nmvnaqas5c",
            "ingress": [
              {
                "description": "ssh-in",
                "from_port": -1,
                "id": "enp77b2ra5su1b91iebq",
                "labels": {},
                "port": 22,
                "predefined_target": "",
                "protocol": "TCP",
                "security_group_id": "",
                "to_port": -1,
                "v4_cidr_blocks": [
                  "0.0.0.0/0"
                ],
                "v6_cidr_blocks": []
              }
            ],
            "labels": {},
            "name": "bastion-sg",
            "network_id": "enpktqrl1usj5c2no2q5",
            "status": "ACTIVE",
            "timeouts": null
          },
          "sensitive_attributes": [],
          "private": "eyJlMmJmYjczMC1lY2FhLTExZTYtOGY4OC0zNDM2M2JjN2M0YzAiOnsiY3JlYXRlIjoxODAwMDAwMDAwMDAsImRlbGV0ZSI6MTgwMDAwMDAwMDAwLCJ1cGRhdGUiOjE4MDAwMDAwMDAwMH19",
          "dependencies": [
            "yandex_vpc_network.network-1"
          ]
        }
      ]
    },
    {
      "mode": "managed",
      "type": "yandex_vpc_security_group",
      "name": "elastic-sg",
      "provider": "provider[\"registry.terraform.io/yandex-cloud/yandex\"]",
      "instances": [
        {
          "schema_version": 0,
          "attributes": {
            "created_at": "2024-10-02T17:22:58Z",
            "description": "rules for elastic",
            "egress": [
              {
                "description": "",
                "from_port": -1,
                "id": "enptqpkguprkrk82rodi",
                "labels": {},
                "port": -1,
                "predefined_target": "",
                "protocol": "ANY",
                "security_group_id": "",
                "to_port": -1,
                "v4_cidr_blocks": [
                  "0.0.0.0/0"
                ],
                "v6_cidr_blocks": []
              }
            ],
            "folder_id": "b1g11stnhjcsvm2rbbnq",
            "id": "enpjubj807d4pf7vtk5u",
            "ingress": [
              {
                "description": "elastic agent in",
                "from_port": -1,
                "id": "enpc99rtm1b31236f53e",
                "labels": {},
                "port": 9200,
                "predefined_target": "",
                "protocol": "TCP",
                "security_group_id": "",
                "to_port": -1,
                "v4_cidr_blocks": [
                  "192.168.1.0/24",
                  "192.168.2.0/24",
                  "192.168.4.0/24"
                ],
                "v6_cidr_blocks": []
              },
              {
                "description": "zabbix in",
                "from_port": -1,
                "id": "enp15sraiu2cicdq5t4k",
                "labels": {},
                "port": 10050,
                "predefined_target": "",
                "protocol": "TCP",
                "security_group_id": "",
                "to_port": -1,
                "v4_cidr_blocks": [
                  "192.168.4.0/24"
                ],
                "v6_cidr_blocks": []
              }
            ],
            "labels": {},
            "name": "elastic-sg",
            "network_id": "enpktqrl1usj5c2no2q5",
            "status": "ACTIVE",
            "timeouts": null
          },
          "sensitive_attributes": [],
          "private": "eyJlMmJmYjczMC1lY2FhLTExZTYtOGY4OC0zNDM2M2JjN2M0YzAiOnsiY3JlYXRlIjoxODAwMDAwMDAwMDAsImRlbGV0ZSI6MTgwMDAwMDAwMDAwLCJ1cGRhdGUiOjE4MDAwMDAwMDAwMH19",
          "dependencies": [
            "yandex_vpc_network.network-1"
          ]
        }
      ]
    },
    {
      "mode": "managed",
      "type": "yandex_vpc_security_group",
      "name": "kibana-sg",
      "provider": "provider[\"registry.terraform.io/yandex-cloud/yandex\"]",
      "instances": [
        {
          "schema_version": 0,
          "attributes": {
            "created_at": "2024-10-02T17:23:01Z",
            "description": "rules for kibana",
            "egress": [
              {
                "description": "",
                "from_port": -1,
                "id": "enplklgq6c3asdqj0e69",
                "labels": {},
                "port": -1,
                "predefined_target": "",
                "protocol": "ANY",
                "security_group_id": "",
                "to_port": -1,
                "v4_cidr_blocks": [
                  "0.0.0.0/0"
                ],
                "v6_cidr_blocks": []
              }
            ],
            "folder_id": "b1g11stnhjcsvm2rbbnq",
            "id": "enp8svqc3il39trlhj4f",
            "ingress": [
              {
                "description": "kibana interface",
                "from_port": -1,
                "id": "enpqsl321djkeqqv9ipu",
                "labels": {},
                "port": 5601,
                "predefined_target": "",
                "protocol": "TCP",
                "security_group_id": "",
                "to_port": -1,
                "v4_cidr_blocks": [
                  "0.0.0.0/0"
                ],
                "v6_cidr_blocks": []
              },
              {
                "description": "zabbix in",
                "from_port": -1,
                "id": "enp980coquljpko0s6b6",
                "labels": {},
                "port": 10050,
                "predefined_target": "",
                "protocol": "TCP",
                "security_group_id": "",
                "to_port": -1,
                "v4_cidr_blocks": [
                  "192.168.4.0/24"
                ],
                "v6_cidr_blocks": []
              }
            ],
            "labels": {},
            "name": "kibana-sg",
            "network_id": "enpktqrl1usj5c2no2q5",
            "status": "ACTIVE",
            "timeouts": null
          },
          "sensitive_attributes": [],
          "private": "eyJlMmJmYjczMC1lY2FhLTExZTYtOGY4OC0zNDM2M2JjN2M0YzAiOnsiY3JlYXRlIjoxODAwMDAwMDAwMDAsImRlbGV0ZSI6MTgwMDAwMDAwMDAwLCJ1cGRhdGUiOjE4MDAwMDAwMDAwMH19",
          "dependencies": [
            "yandex_vpc_network.network-1"
          ]
        }
      ]
    },
    {
      "mode": "managed",
      "type": "yandex_vpc_security_group",
      "name": "nginx-sg",
      "provider": "provider[\"registry.terraform.io/yandex-cloud/yandex\"]",
      "instances": [
        {
          "schema_version": 0,
          "attributes": {
            "created_at": "2024-10-02T17:22:54Z",
            "description": "rules for nginx",
            "egress": [
              {
                "description": "",
                "from_port": -1,
                "id": "enphrt2th32bpajgt9cp",
                "labels": {},
                "port": -1,
                "predefined_target": "",
                "protocol": "ANY",
                "security_group_id": "",
                "to_port": -1,
                "v4_cidr_blocks": [
                  "0.0.0.0/0"
                ],
                "v6_cidr_blocks": []
              }
            ],
            "folder_id": "b1g11stnhjcsvm2rbbnq",
            "id": "enpna8940o1iim49dhf1",
            "ingress": [
              {
                "description": "",
                "from_port": -1,
                "id": "enp29in1ktag8pm0bdqp",
                "labels": {},
                "port": 80,
                "predefined_target": "",
                "protocol": "TCP",
                "security_group_id": "",
                "to_port": -1,
                "v4_cidr_blocks": [
                  "192.168.1.0/24",
                  "192.168.2.0/24",
                  "192.168.4.0/24"
                ],
                "v6_cidr_blocks": []
              },
              {
                "description": "Health checks from NLB",
                "from_port": -1,
                "id": "enpjoihgrdtmou5vj8sc",
                "labels": {},
                "port": -1,
                "predefined_target": "loadbalancer_healthchecks",
                "protocol": "TCP",
                "security_group_id": "",
                "to_port": -1,
                "v4_cidr_blocks": [],
                "v6_cidr_blocks": []
              },
              {
                "description": "zabbix in",
                "from_port": -1,
                "id": "enppi8ps4n8tbpvsrdl0",
                "labels": {},
                "port": 10050,
                "predefined_target": "",
                "protocol": "TCP",
                "security_group_id": "",
                "to_port": -1,
                "v4_cidr_blocks": [
                  "192.168.4.0/24"
                ],
                "v6_cidr_blocks": []
              }
            ],
            "labels": {},
            "name": "nginx-sg",
            "network_id": "enpktqrl1usj5c2no2q5",
            "status": "ACTIVE",
            "timeouts": null
          },
          "sensitive_attributes": [],
          "private": "eyJlMmJmYjczMC1lY2FhLTExZTYtOGY4OC0zNDM2M2JjN2M0YzAiOnsiY3JlYXRlIjoxODAwMDAwMDAwMDAsImRlbGV0ZSI6MTgwMDAwMDAwMDAwLCJ1cGRhdGUiOjE4MDAwMDAwMDAwMH19",
          "dependencies": [
            "yandex_vpc_network.network-1"
          ]
        }
      ]
    },
    {
      "mode": "managed",
      "type": "yandex_vpc_security_group",
      "name": "security-ssh-traffic",
      "provider": "provider[\"registry.terraform.io/yandex-cloud/yandex\"]",
      "instances": [
        {
          "schema_version": 0,
          "attributes": {
            "created_at": "2024-10-02T17:22:59Z",
            "description": "",
            "egress": [],
            "folder_id": "b1g11stnhjcsvm2rbbnq",
            "id": "enp3htqndfo1dqm0k86k",
            "ingress": [
              {
                "description": "",
                "from_port": -1,
                "id": "enp5835qad8bd642nuvb",
                "labels": {},
                "port": 22,
                "predefined_target": "",
                "protocol": "TCP",
                "security_group_id": "",
                "to_port": -1,
                "v4_cidr_blocks": [
                  "192.168.1.0/24",
                  "192.168.2.0/24",
                  "192.168.4.0/24"
                ],
                "v6_cidr_blocks": []
              },
              {
                "description": "",
                "from_port": -1,
                "id": "enp7eqi6okv8h96crvsb",
                "labels": {},
                "port": -1,
                "predefined_target": "",
                "protocol": "ICMP",
                "security_group_id": "",
                "to_port": -1,
                "v4_cidr_blocks": [
                  "192.168.1.0/24",
                  "192.168.2.0/24",
                  "192.168.4.0/24"
                ],
                "v6_cidr_blocks": []
              }
            ],
            "labels": {},
            "name": "security-ssh-traffic",
            "network_id": "enpktqrl1usj5c2no2q5",
            "status": "ACTIVE",
            "timeouts": null
          },
          "sensitive_attributes": [],
          "private": "eyJlMmJmYjczMC1lY2FhLTExZTYtOGY4OC0zNDM2M2JjN2M0YzAiOnsiY3JlYXRlIjoxODAwMDAwMDAwMDAsImRlbGV0ZSI6MTgwMDAwMDAwMDAwLCJ1cGRhdGUiOjE4MDAwMDAwMDAwMH19",
          "dependencies": [
            "yandex_vpc_network.network-1"
          ]
        }
      ]
    },
    {
      "mode": "managed",
      "type": "yandex_vpc_security_group",
      "name": "zabbix-sg",
      "provider": "provider[\"registry.terraform.io/yandex-cloud/yandex\"]",
      "instances": [
        {
          "schema_version": 0,
          "attributes": {
            "created_at": "2024-10-02T17:22:56Z",
            "description": "rules for zabbix",
            "egress": [
              {
                "description": "",
                "from_port": -1,
                "id": "enps5aetcnp6ai06cero",
                "labels": {},
                "port": -1,
                "predefined_target": "",
                "protocol": "ANY",
                "security_group_id": "",
                "to_port": -1,
                "v4_cidr_blocks": [
                  "0.0.0.0/0"
                ],
                "v6_cidr_blocks": []
              }
            ],
            "folder_id": "b1g11stnhjcsvm2rbbnq",
            "id": "enpeg885g3mupp1vcse8",
            "ingress": [
              {
                "description": "HTTP in",
                "from_port": -1,
                "id": "enpkh6p46kq6jpis5utf",
                "labels": {},
                "port": 8080,
                "predefined_target": "",
                "protocol": "TCP",
                "security_group_id": "",
                "to_port": -1,
                "v4_cidr_blocks": [
                  "0.0.0.0/0"
                ],
                "v6_cidr_blocks": []
              },
              {
                "description": "zabbix in",
                "from_port": -1,
                "id": "enpaau9iku3kaohndskh",
                "labels": {},
                "port": 10051,
                "predefined_target": "",
                "protocol": "TCP",
                "security_group_id": "",
                "to_port": -1,
                "v4_cidr_blocks": [
                  "192.168.4.0/24"
                ],
                "v6_cidr_blocks": []
              }
            ],
            "labels": {},
            "name": "zabbix-sg",
            "network_id": "enpktqrl1usj5c2no2q5",
            "status": "ACTIVE",
            "timeouts": null
          },
          "sensitive_attributes": [],
          "private": "eyJlMmJmYjczMC1lY2FhLTExZTYtOGY4OC0zNDM2M2JjN2M0YzAiOnsiY3JlYXRlIjoxODAwMDAwMDAwMDAsImRlbGV0ZSI6MTgwMDAwMDAwMDAwLCJ1cGRhdGUiOjE4MDAwMDAwMDAwMH19",
          "dependencies": [
            "yandex_vpc_network.network-1"
          ]
        }
      ]
    },
    {
      "mode": "managed",
      "type": "yandex_vpc_subnet",
      "name": "subnet-1",
      "provider": "provider[\"registry.terraform.io/yandex-cloud/yandex\"]",
      "instances": [
        {
          "schema_version": 0,
          "attributes": {
            "created_at": "2024-10-02T17:22:57Z",
            "description": "",
            "dhcp_options": [],
            "folder_id": "b1g11stnhjcsvm2rbbnq",
            "id": "e9bf5p2det9krs4dr7ip",
            "labels": {},
            "name": "subnet1",
            "network_id": "enpktqrl1usj5c2no2q5",
            "route_table_id": "enpilrkm5noob8nual8g",
            "timeouts": null,
            "v4_cidr_blocks": [
              "192.168.1.0/24"
            ],
            "v6_cidr_blocks": [],
            "zone": "ru-central1-a"
          },
          "sensitive_attributes": [],
          "private": "eyJlMmJmYjczMC1lY2FhLTExZTYtOGY4OC0zNDM2M2JjN2M0YzAiOnsiY3JlYXRlIjoxODAwMDAwMDAwMDAsImRlbGV0ZSI6MTgwMDAwMDAwMDAwLCJ1cGRhdGUiOjE4MDAwMDAwMDAwMH19",
          "dependencies": [
            "yandex_vpc_gateway.nginx1-2_elastic_gateway",
            "yandex_vpc_network.network-1",
            "yandex_vpc_route_table.nginx1-2_elastic"
          ]
        }
      ]
    },
    {
      "mode": "managed",
      "type": "yandex_vpc_subnet",
      "name": "subnet-2",
      "provider": "provider[\"registry.terraform.io/yandex-cloud/yandex\"]",
      "instances": [
        {
          "schema_version": 0,
          "attributes": {
            "created_at": "2024-10-02T17:22:57Z",
            "description": "",
            "dhcp_options": [],
            "folder_id": "b1g11stnhjcsvm2rbbnq",
            "id": "e2lp0776mg4j6237s0da",
            "labels": {},
            "name": "subnet2",
            "network_id": "enpktqrl1usj5c2no2q5",
            "route_table_id": "enpilrkm5noob8nual8g",
            "timeouts": null,
            "v4_cidr_blocks": [
              "192.168.2.0/24"
            ],
            "v6_cidr_blocks": [],
            "zone": "ru-central1-b"
          },
          "sensitive_attributes": [],
          "private": "eyJlMmJmYjczMC1lY2FhLTExZTYtOGY4OC0zNDM2M2JjN2M0YzAiOnsiY3JlYXRlIjoxODAwMDAwMDAwMDAsImRlbGV0ZSI6MTgwMDAwMDAwMDAwLCJ1cGRhdGUiOjE4MDAwMDAwMDAwMH19",
          "dependencies": [
            "yandex_vpc_gateway.nginx1-2_elastic_gateway",
            "yandex_vpc_network.network-1",
            "yandex_vpc_route_table.nginx1-2_elastic"
          ]
        }
      ]
    },
    {
      "mode": "managed",
      "type": "yandex_vpc_subnet",
      "name": "subnet-4",
      "provider": "provider[\"registry.terraform.io/yandex-cloud/yandex\"]",
      "instances": [
        {
          "schema_version": 0,
          "attributes": {
            "created_at": "2024-10-02T17:22:58Z",
            "description": "",
            "dhcp_options": [],
            "folder_id": "b1g11stnhjcsvm2rbbnq",
            "id": "fl8j65re0ee7rq1g817s",
            "labels": {},
            "name": "subnet4",
            "network_id": "enpktqrl1usj5c2no2q5",
            "route_table_id": "enpilrkm5noob8nual8g",
            "timeouts": null,
            "v4_cidr_blocks": [
              "192.168.4.0/24"
            ],
            "v6_cidr_blocks": [],
            "zone": "ru-central1-d"
          },
          "sensitive_attributes": [],
          "private": "eyJlMmJmYjczMC1lY2FhLTExZTYtOGY4OC0zNDM2M2JjN2M0YzAiOnsiY3JlYXRlIjoxODAwMDAwMDAwMDAsImRlbGV0ZSI6MTgwMDAwMDAwMDAwLCJ1cGRhdGUiOjE4MDAwMDAwMDAwMH19",
          "dependencies": [
            "yandex_vpc_gateway.nginx1-2_elastic_gateway",
            "yandex_vpc_network.network-1",
            "yandex_vpc_route_table.nginx1-2_elastic"
          ]
        }
      ]
    }
  ],
  "check_results": null
}
